# This file is automatically @generated by Cargo.
# It is not intended for manual editing.
version = 3

[[package]]
name = "rupert_lead"
version = "0.1.0"
dependencies = [
 "rupert_parser",
]

[[package]]
name = "rupert_parser"
version = "0.1.0"
dependencies = [
 "rutils",
]

[[package]]
name = "rutils"
version = "0.1.0"
